
Microsoft Visual Studio Solution File, Format Version 12.00
# Visual Studio Version 17
VisualStudioVersion = 17.9.34714.143
MinimumVisualStudioVersion = 10.0.40219.1
Project("{FAE04EC0-301F-11D3-BF4B-00C04F79EFBC}") = "ReactApp1.Server", "ReactApp1.Server\ReactApp1.Server.csproj", "{F0E83A65-03F7-4705-B9FB-3F7043A7AF76}"
EndProject
Project("{54A90642-561A-4BB1-A94E-469ADEE60C69}") = "reactapp1.client", "reactapp1.client\reactapp1.client.esproj", "{C1A88E3B-D077-4E17-AC96-53742EB91A8E}"
EndProject
Global
	GlobalSection(SolutionConfigurationPlatforms) = preSolution
		Debug|Any CPU = Debug|Any CPU
		Release|Any CPU = Release|Any CPU
	EndGlobalSection
	GlobalSection(ProjectConfigurationPlatforms) = postSolution
		{F0E83A65-03F7-4705-B9FB-3F7043A7AF76}.Debug|Any CPU.ActiveCfg = Debug|Any CPU
		{F0E83A65-03F7-4705-B9FB-3F7043A7AF76}.Debug|Any CPU.Build.0 = Debug|Any CPU
		{F0E83A65-03F7-4705-B9FB-3F7043A7AF76}.Release|Any CPU.ActiveCfg = Release|Any CPU
		{F0E83A65-03F7-4705-B9FB-3F7043A7AF76}.Release|Any CPU.Build.0 = Release|Any CPU
		{C1A88E3B-D077-4E17-AC96-53742EB91A8E}.Debug|Any CPU.ActiveCfg = Debug|Any CPU
		{C1A88E3B-D077-4E17-AC96-53742EB91A8E}.Debug|Any CPU.Build.0 = Debug|Any CPU
		{C1A88E3B-D077-4E17-AC96-53742EB91A8E}.Debug|Any CPU.Deploy.0 = Debug|Any CPU
		{C1A88E3B-D077-4E17-AC96-53742EB91A8E}.Release|Any CPU.ActiveCfg = Release|Any CPU
		{C1A88E3B-D077-4E17-AC96-53742EB91A8E}.Release|Any CPU.Build.0 = Release|Any CPU
		{C1A88E3B-D077-4E17-AC96-53742EB91A8E}.Release|Any CPU.Deploy.0 = Release|Any CPU
	EndGlobalSection
	GlobalSection(SolutionProperties) = preSolution
		HideSolutionNode = FALSE
	EndGlobalSection
	GlobalSection(ExtensibilityGlobals) = postSolution
		SolutionGuid = {E705BE2B-9E49-4D10-B568-C5AC8B5815B4}
	EndGlobalSection
EndGlobal
